
Microsoft Visual Studio Solution File, Format Version 12.00
# Visual Studio Version 17
VisualStudioVersion = 17.7.34031.279
MinimumVisualStudioVersion = 10.0.40219.1
Project("{8BC9CEB8-8B4A-11D0-8D11-00A0C91BC942}") = "OOP_lab_1.3", "OOP_lab_1.3\OOP_lab_1.3.vcxproj", "{801BBEE9-618D-4673-B97E-D82FB1A2658F}"
EndProject
Project("{8BC9CEB8-8B4A-11D0-8D11-00A0C91BC942}") = "UnitTest1", "UnitTest1\UnitTest1.vcxproj", "{DC0379F3-4C42-47C9-A644-329CC016DF6E}"
EndProject
Global
	GlobalSection(SolutionConfigurationPlatforms) = preSolution
		Debug|x64 = Debug|x64
		Debug|x86 = Debug|x86
		Release|x64 = Release|x64
		Release|x86 = Release|x86
	EndGlobalSection
	GlobalSection(ProjectConfigurationPlatforms) = postSolution
		{801BBEE9-618D-4673-B97E-D82FB1A2658F}.Debug|x64.ActiveCfg = Debug|x64
		{801BBEE9-618D-4673-B97E-D82FB1A2658F}.Debug|x64.Build.0 = Debug|x64
		{801BBEE9-618D-4673-B97E-D82FB1A2658F}.Debug|x86.ActiveCfg = Debug|Win32
		{801BBEE9-618D-4673-B97E-D82FB1A2658F}.Debug|x86.Build.0 = Debug|Win32
		{801BBEE9-618D-4673-B97E-D82FB1A2658F}.Release|x64.ActiveCfg = Release|x64
		{801BBEE9-618D-4673-B97E-D82FB1A2658F}.Release|x64.Build.0 = Release|x64
		{801BBEE9-618D-4673-B97E-D82FB1A2658F}.Release|x86.ActiveCfg = Release|Win32
		{801BBEE9-618D-4673-B97E-D82FB1A2658F}.Release|x86.Build.0 = Release|Win32
		{DC0379F3-4C42-47C9-A644-329CC016DF6E}.Debug|x64.ActiveCfg = Debug|x64
		{DC0379F3-4C42-47C9-A644-329CC016DF6E}.Debug|x64.Build.0 = Debug|x64
		{DC0379F3-4C42-47C9-A644-329CC016DF6E}.Debug|x86.ActiveCfg = Debug|Win32
		{DC0379F3-4C42-47C9-A644-329CC016DF6E}.Debug|x86.Build.0 = Debug|Win32
		{DC0379F3-4C42-47C9-A644-329CC016DF6E}.Release|x64.ActiveCfg = Release|x64
		{DC0379F3-4C42-47C9-A644-329CC016DF6E}.Release|x64.Build.0 = Release|x64
		{DC0379F3-4C42-47C9-A644-329CC016DF6E}.Release|x86.ActiveCfg = Release|Win32
		{DC0379F3-4C42-47C9-A644-329CC016DF6E}.Release|x86.Build.0 = Release|Win32
	EndGlobalSection
	GlobalSection(SolutionProperties) = preSolution
		HideSolutionNode = FALSE
	EndGlobalSection
	GlobalSection(ExtensibilityGlobals) = postSolution
		SolutionGuid = {42C25AF8-556A-404B-9C17-6F09622D14D3}
	EndGlobalSection
EndGlobal
